
Microsoft Visual Studio Solution File, Format Version 12.00
# Visual Studio Express 15 for Windows Desktop
VisualStudioVersion = 15.0.28307.489
MinimumVisualStudioVersion = 10.0.40219.1
Project("{FAE04EC0-301F-11D3-BF4B-00C04F79EFBC}") = "W3D4_GuiPractice", "W3D4_GuiPractice\W3D4_GuiPractice.csproj", "{51BFC0CD-5119-48C5-87FF-8B8E007D4940}"
EndProject
Global
	GlobalSection(SolutionConfigurationPlatforms) = preSolution
		Debug|Any CPU = Debug|Any CPU
		Release|Any CPU = Release|Any CPU
	EndGlobalSection
	GlobalSection(ProjectConfigurationPlatforms) = postSolution
		{51BFC0CD-5119-48C5-87FF-8B8E007D4940}.Debug|Any CPU.ActiveCfg = Debug|Any CPU
		{51BFC0CD-5119-48C5-87FF-8B8E007D4940}.Debug|Any CPU.Build.0 = Debug|Any CPU
		{51BFC0CD-5119-48C5-87FF-8B8E007D4940}.Release|Any CPU.ActiveCfg = Release|Any CPU
		{51BFC0CD-5119-48C5-87FF-8B8E007D4940}.Release|Any CPU.Build.0 = Release|Any CPU
	EndGlobalSection
	GlobalSection(SolutionProperties) = preSolution
		HideSolutionNode = FALSE
	EndGlobalSection
	GlobalSection(ExtensibilityGlobals) = postSolution
		SolutionGuid = {2B53E6D7-3708-4B3D-A3C9-DD945CDB06CC}
	EndGlobalSection
EndGlobal
